{
  "name": "techdadi-express-ts-starter",
  "version": "1.0.7-beta",
  "lockfileVersion": 3,
  "requires": true,
  "packages": {
    "": {
      "name": "techdadi-express-ts-starter",
      "version": "1.0.7-beta",
      "license": "MIT",
      "dependencies": {
        "commander": "^8.1.0",
        "readline-sync": "^1.4.10"
      },
      "bin": {
        "techdadi-express-ts-starter": "express-ts-starter.js"
      }
    },
    "node_modules/commander": {
      "version": "8.3.0",
      "resolved": "https://registry.npmjs.org/commander/-/commander-8.3.0.tgz",
      "integrity": "sha512-OkTL9umf+He2DZkUq8f8J9of7yL6RJKI24dVITBmNfZBmri9zYZQrKkuXiKhyfPSu8tUhnVBB1iKXevvnlR4Ww==",
      "engines": {
        "node": ">= 12"
      }
    },
    "node_modules/readline-sync": {
      "version": "1.4.10",
      "resolved": "https://registry.npmjs.org/readline-sync/-/readline-sync-1.4.10.tgz",
      "integrity": "sha512-gNva8/6UAe8QYepIQH/jQ2qn91Qj0B9sYjMBBs3QOB8F2CXcKgLxQaJRP76sWVRQt+QU+8fAkCbCvjjMFu7Ycw==",
      "engines": {
        "node": ">= 0.8.0"
      }
    }
  }
}
